{
	"name": "docs",
	"version": "0.0.0",
	"lockfileVersion": 2,
	"requires": true,
	"packages": {
		"": {
			"version": "0.0.0",
			"dependencies": {
				"@docusaurus/core": "^2.0.0-beta.9",
				"@docusaurus/preset-classic": "^2.0.0-beta.9",
				"@mdx-js/react": "^1.6.22",
				"@svgr/webpack": "^5.5.0",
				"clsx": "^1.1.1",
				"file-loader": "^6.2.0",
				"prism-react-renderer": "^1.2.1",
				"react": "^17.0.2",
				"react-dom": "^17.0.2",
				"url-loader": "^4.1.1"
			}
		},
		"node_modules/@algolia/autocomplete-core": {
			"version": "1.2.2",
			"resolved": "https://registry.npmjs.org/@algolia/autocomplete-core/-/autocomplete-core-1.2.2.tgz",
			"integrity": "sha512-JOQaURze45qVa8OOFDh+ozj2a/ObSRsVyz6Zd0aiBeej+RSTqrr1hDVpGNbbXYLW26G5ujuc9QIdH+rBHn95nw==",
			"dependencies": {
				"@algolia/autocomplete-shared": "1.2.2"
			}
		},
		"node_modules/@algolia/autocomplete-preset-algolia": {
			"version": "1.2.2",
			"resolved": "https://registry.npmjs.org/@algolia/autocomplete-preset-algolia/-/autocomplete-preset-algolia-1.2.2.tgz",
			"integrity": "sha512-AZkh+bAMaJDzMZTelFOXJTJqkp5VPGH8W3n0B+Ggce7DdozlMRsDLguKTCQAkZ0dJ1EbBPyFL5ztL/JImB137Q==",
			"dependencies": {
				"@algolia/autocomplete-shared": "1.2.2"
			},
			"peerDependencies": {
				"@algolia/client-search": "^4.9.1",
				"algoliasearch": "^4.9.1"
			}
		},
		"node_modules/@algolia/autocomplete-shared": {
			"version": "1.2.2",
			"resolved": "https://registry.npmjs.org/@algolia/autocomplete-shared/-/autocomplete-shared-1.2.2.tgz",
			"integrity": "sha512-mLTl7d2C1xVVazHt/bqh9EE/u2lbp5YOxLDdcjILXmUqOs5HH1D4SuySblXaQG1uf28FhTqMGp35qE5wJQnqAw=="
		},
		"node_modules/@algolia/cache-browser-local-storage": {
			"version": "4