{
	"name": "docs",
	"version": "0.0.0",
	"lockfileVersion": 2,
	"requires": true,
	"packages": {
		"": {
			"version": "0.0.0",
			"dependencies": {
				"@docusaurus/core": "^2.0.0-beta.9",
				"@docusaurus/preset-classic": "^2.0.0-beta.9",
				"@mdx-js/react": "^1.6.22",
				"@svgr/webpack": "^5.5.0",
				"clsx": "^1.1.1",
				"file-loader": "^6.2.0",
				"prism-react-renderer": "^1.2.1",
				"react": "^17.0.2",
				"react-dom": "^17.0.2",
				"url-loader": "^4.1.1"
			}
		},
		"node_modules/@algolia/autocomplete-core": {
			"version": "1.2.2",
			"resolved": "https://registry.npmjs.org/@algolia/autocomplete-core/-/autocomplete-core-1.2.2.tgz",
			"integrity": "sha512-JOQaURze45qVa8OOFDh+ozj2a/ObSRsVyz6Zd0aiBeej+RSTqrr1hDVpGNbbXYLW26G5ujuc9QIdH+rBHn95nw==",
			"dependencies": {
				"@algolia/autocomplete-shared": "1.2.2"
			}
		},
		"node_modules/@algolia/autocomplete-preset-algolia": {
			"version": "1.2.2",
			"resolved": "https://registry.npmjs.org/@algolia/autocomplete-preset-algolia/-/autocomplete-preset-algolia-1.2.2.tgz",
			"integrity": "sha512-AZkh+bAMaJDzMZTelFOXJTJqkp5VPGH8W3n0B+Ggce7DdozlMRsDLguKTCQAkZ0dJ1EbBPyFL5ztL/JImB137Q==",
			"dependencies": {
				"@algolia/autocomplete-shared": "1.2.2"
			},
			"peerDependencies": {
				"@algolia/client-search": "^4.9.1",
				"algoliasearch": "^4.9.1"
			}
		},
		"node_modules/@algolia/autocomplete-shared": {
			"version": "1.2.2",
			"resolved": "https://registry.npmjs.org/@algolia/autocomplete-shared/-/autocomplete-shared-1.2.2.tgz",
			"integrity": "sha512-mLTl7d2C1xVVazHt/bqh9EE/u2lbp5YOxLDdcjILXmUqOs5HH1D4SuySblXaQG1uf28FhTqMGp35qE5wJQnqAw=="
		},
		"node_modules/@algolia/cache-browser-local-storage": {
			"version": "4.11.0",
			"resolved": "https://registry.npmjs.org/@algolia/cache-browser-local-storage/-/cache-browser-local-storage-4.11.0.tgz",
			"integrity": "sha512-4sr9vHIG1fVA9dONagdzhsI/6M5mjs/qOe2xUP0yBmwsTsuwiZq3+Xu6D3dsxsuFetcJgC6ydQoCW8b7fDJHYQ==",
			"dependencies": {
				"@algolia/cache-common": "4.11.0"
			}
		},
		"node_modules/@algolia/cache-common": {
			"version": "4.11.0",
			"resolved": "https://registry.npmjs.org/@algolia/cache-common/-/cache-common-4.11.0.tgz",
			"integrity": "sha512-lODcJRuPXqf+6mp0h6bOxPMlbNoyn3VfjBVcQh70EDP0/xExZbkpecgHyyZK4kWg+evu+mmgvTK3GVHnet/xKw=="
		},
		"node_modules/@algolia/cache-in-memory": {
			"version": "4.11.0",
			"resolved": "https://registry.npmjs.org/@algolia/cache-in-memory/-/cache-in-memory-4.11.0.tgz",
			"integrity": "sha512-aBz+stMSTBOBaBEQ43zJXz2DnwS7fL6dR0e2myehAgtfAWlWwLDHruc/98VOy1ZAcBk1blE2LCU02bT5HekGxQ==",
			"dependencies": {
				"@algolia/cache-common": "4.11.0"
			}
		},
		"node_modules/@algolia/client-account": {
			"version": "4.11.0",
			"resolved": "https://registry.npmjs.org/@algolia/client-account/-/client-account-4.11.0.tgz",
			"integrity": "sha512-jwmFBoUSzoMwMqgD3PmzFJV/d19p1RJXB6C1ADz4ju4mU7rkaQLtqyZroQpheLoU5s5Tilmn/T8/0U2XLoJCRQ==",
			"dependencies": {
				"@algolia/client-common": "4.11.0",
				"@algolia/client-search": "4.11.0",
				"@algolia/transporter": "4.11.0"
			}
		},
		"node_modules/@algolia/client-analytics": {
			"version": "4.11.0",
			"resolved": "https://registry.npmjs.org/@algolia/client-analytics/-/client-analytics-4.11.0.tgz",
			"integrity": "sha512-v5U9585aeEdYml7JqggHAj3E5CQ+jPwGVztPVhakBk8H/cmLyPS2g8wvmIbaEZCHmWn4TqFj3EBHVYxAl36fSA==",
			"dependencies": {
				"@algolia/client-common": "4.11.0",
				"@algolia/client-search": "4.11.0",
				"@algolia/requester-common": "4.11.0",
				"@algolia/transporter": "4.11.0"
			}
		},
		"node_modules/@algolia/client-common": {
			"version": "4.11.0",
			"resolved": "https://registry.npmjs.org/@algolia/client-common/-/client-common-4.11.0.tgz",
			"integrity": "sha512-Qy+F+TZq12kc7tgfC+FM3RvYH/Ati7sUiUv/LkvlxFwNwNPwWGoZO81AzVSareXT/ksDDrabD4mHbdTbBPTRmQ==",
			"dependencies": {
				"@algolia/requester-common": "4.11.0",
				"@algolia/transporter": "4.11.0"
			}
		},
		"node_modules/@algolia/client-personalization": {
			"version": "4.11.0",
			"resolved": "https://registry.npmjs.org/@algolia/client-personalization/-/client-personalization-4.11.0.tgz",
			"integrity": "sha512-mI+X5IKiijHAzf9fy8VSl/GTT67dzFDnJ0QAM8D9cMPevnfX4U72HRln3Mjd0xEaYUOGve8TK/fMg7d3Z5yG6g==",
			"dependencies": {
				"@algolia/client-common": "4.11.0",
				"@algolia/requester-common": "4.11.0",
				"@algolia/transporter": "4.11.0"
			}
		},
		"node_modules/@algolia/client-search": {
			"version": "4.11.0",
			"resolved": "https://registry.npmjs.org/@algolia/client-search/-/client-search-4.11.0.tgz",
			"integrity": "sha512-iovPLc5YgiXBdw2qMhU65sINgo9umWbHFzInxoNErWnYoTQWfXsW6P54/NlKx5uscoLVjSf+5RUWwFu5BX+lpw==",
			"dependencies": {
				"@algolia/client-common": "4.11.0",
				"@algolia/requester-common": "4.11.0",
				"@algolia/transporter": "4.11.0"
			}
		},
		"node_modules/@algolia/logger-common": {
			"version": "4.11.0",
			"resolved": "https://registry.npmjs.org/@algolia/logger-common/-/logger-common-4.11.0.tgz",
			"integrity": "sha512-pRMJFeOY8hoWKIxWuGHIrqnEKN/kqKh7UilDffG/+PeEGxBuku+Wq5CfdTFG0C9ewUvn8mAJn5BhYA5k8y0Jqg=="
		},
		"node_modules/@algolia/logger-console": {
			"version": "4.11.0",
			"resolved": "https://registry.npmjs.org/@algolia/logger-console/-/logger-console-4.11.0.tgz",
			"integrity": "sha512-wXztMk0a3VbNmYP8Kpc+F7ekuvaqZmozM2eTLok0XIshpAeZ/NJDHDffXK2Pw+NF0wmHqurptLYwKoikjBYvhQ==",
			"dependencies": {
				"@algolia/logger-common": "4.11.0"
			}
		},
		"node_modules/@algolia/requester-browser-xhr": {
			"version": "4.11.0",
			"resolved": "https://registry.npmjs.org/@algolia/requester-browser-xhr/-/requester-browser-xhr-4.11.0.tgz",
			"integrity": "sha512-Fp3SfDihAAFR8bllg8P5ouWi3+qpEVN5e7hrtVIYldKBOuI/qFv80Zv/3/AMKNJQRYglS4zWyPuqrXm58nz6KA==",
			"dependencies": {
				"@algolia/requester-common": "4.11.0"
			}
		},
		"node_modules/@algolia/requester-common": {
			"version": "4.11.0",
			"resolved": "https://registry.npmjs.org/@algolia/requester-common/-/requester-common-4.11.0.tgz",
			"integrity": "sha512-+cZGe/9fuYgGuxjaBC+xTGBkK7OIYdfapxhfvEf03dviLMPmhmVYFJtJlzAjQ2YmGDJpHrGgAYj3i/fbs8yhiA=="
		},
		"node_modules/@algolia/requester-node-http": {
			"version": "4.11.0",
			"resolved": "https://registry.npmjs.org/@algolia/requester-node-http/-/requester-node-http-4.11.0.tgz",
			"integrity": "sha512-qJIk9SHRFkKDi6dMT9hba8X1J1z92T5AZIgl+tsApjTGIRQXJLTIm+0q4yOefokfu4CoxYwRZ9QAq+ouGwfeOg==",
			"dependencies": {
				"@algolia/requester-common": "4.11.0"
			}
		},
		"node_modules/@algolia/transporter": {
			"version": "4.11.0",
			"resolved": "https://registry.npmjs.org/@algolia/transporter/-/transporter-4.11.0.tgz",
			"integrity": "sha512-k4dyxiaEfYpw4UqybK9q7lrFzehygo6KV3OCYJMMdX0IMWV0m4DXdU27c1zYRYtthaFYaBzGF4Kjcl8p8vxCKw==",
			"dependencies": {
				"@algolia/cache-common": "4.11.0",
				"@algolia/logger-common": "4.11.0",
				"@algolia/requester-common": "4.11.0"
			}
		},
		"node_modules/@babel/code-frame": {
			"version": "7.16.0",
			"resolved": "https://registry.npmjs.org/@babel/code-frame/-/code-frame-7.16.0.tgz",
			"integrity": "sha512-IF4EOMEV+bfYwOmNxGzSnjR2EmQod7f1UXOpZM3l4i4o4QNwzjtJAu/HxdjHq0aYBvdqMuQEY1eg0nqW9ZPORA==",
			"dependencies": {
				"@babel/highlight": "^7.16.0"
			},
			"engines": {
				"node": ">=6.9.0"
			}
		},
		"node_modules/@babel/compat-data": {
			"version": "7.16.0",
			"resolved": "https://registry.npmjs.org/@babel/compat-data/-/compat-data-7.16.0.tgz",
			"integrity": "sha512-DGjt2QZse5SGd9nfOSqO4WLJ8NN/oHkijbXbPrxuoJO3oIPJL3TciZs9FX+cOHNiY9E9l0opL8g7BmLe3T+9ew==",
			"engines": {
				"node": ">=6.9.0"
			}
		},
		"node_modules/@babel/core": {
			"version": "7.14.6",
			"resolved": "https://registry.npmjs.org/@babel/core/-/core-7.14.6.tgz",
			"integrity": "sha512-gJnOEWSqTk96qG5BoIrl5bVtc23DCycmIePPYnamY9RboYdI4nFy5vAQMSl81O5K/W0sLDWfGysnOECC+KUUCA==",
			"dependencies": {
				"@babel/code-frame": "^7.14.5",
				"@babel/generator": "^7.14.5",
				"@babel/helper-compilation-targets": "^7.14.5",
				"@babel/helper-module-transforms": "^7.14.5",
				"@babel/helpers": "^7.14.6",
				"@babel/parser": "^7.14.6",
				"@babel/template": "^7.14.5",
				"@babel/traverse": "^7.14.5",
				"@babel/types": "^7.14.5",
				"convert-source-map": "^1.7.0",
				"debug": "^4.1.0",
				"gensync": "^1.0.0-beta.2",
				"json5": "^2.1.2",
				"semver": "^6.3.0",
				"source-map": "^0.5.0"
			},
			"engines": {
				"node": ">=6.9.0"
			},
			"funding": {
				"type": "opencollective",
				"url": "https://opencollective.com/babel"
			}
		},
		"node_modules/@babel/core/node_modules/semver": {
			"version": "6.3.0",
			"resolved": "https://registry.npmjs.org/semver/-/semver-6.3.0.tgz",
			"integrity": "sha512-b39TBaTSfV6yBrapU89p5fKekE2m/NwnDocOVruQFS1/veMgdzuPcnOM34M6CwxW8jH/lxEa5rBoDeUwu5HHTw==",
			"bin": {
				"semver": "bin/semver.js"
			}
		},
		"node_modules/@babel/generator": {
			"version": "7.16.0",
			"resolved": "https://registry.npmjs.org/@babel/generator/-/generator-7.16.0.tgz",
			"integrity": "sha512-RR8hUCfRQn9j9RPKEVXo9LiwoxLPYn6hNZlvUOR8tSnaxlD0p0+la00ZP9/SnRt6HchKr+X0fO2r8vrETiJGew==",
			"dependencies": {
				"@babel/types": "^7.16.0",
				"jsesc": "^2.5.1",
				"source-map": "^0.5.0"
			},
			"engines": {
				"node": ">=6.9.0"
			}
		},
		"node_modules/@babel/helper-annotate-as-pure": {
			"version": "7.16.0",
			"resolved": "https://registry.npmjs.org/@babel/helper-annotate-as-pure/-/helper-annotate-as-pure-7.16.0.tgz",
			"integrity": "sha512-ItmYF9vR4zA8cByDocY05o0LGUkp1zhbTQOH1NFyl5xXEqlTJQCEJjieriw+aFpxo16swMxUnUiKS7a/r4vtHg==",
			"dependencies": {
				"@babel/types": "^7.16.0"
			},
			"engines": {
				"node": ">=6.9.0"
			}
		},
		"node_modules/@babel/helper-builder-binary-assignment-operator-visitor": {
			"version": "7.16.0",
			"resolved": "https://registry.npmjs.org/@babel/helper-builder-binary-assignment-operator-visitor/-/helper-builder-binary-assignment-operator-visitor-7.16.0.tgz",
			"integrity": "sha512-9KuleLT0e77wFUku6TUkqZzCEymBdtuQQ27MhEKzf9UOOJu3cYj98kyaDAzxpC7lV6DGiZFuC8XqDsq8/Kl6aQ==",
			"dependencies": {
				"@babel/helper-explode-assignable-expression": "^7.16.0",
				"@babel/types": "^7.16.0"
			},
			"engines": {
				"node": ">=6.9.0"
			}
		},
		"node_modules/@babel/helper-compilation-targets": {
			"version": "7.16.0",
			"resolved": "https://registry.npmjs.org/@babel/helper-compilation-targets/-/helper-compilation-targets-7.16.0.tgz",
			"integrity": "sha512-S7iaOT1SYlqK0sQaCi21RX4+13hmdmnxIEAnQUB/eh7GeAnRjOUgTYpLkUOiRXzD+yog1JxP0qyAQZ7ZxVxLVg==",
			"dependencies": {
				"@babel/compat-data": "^7.16.0",
				"@babel/helper-validator-option": "^7.14.5",
				"browserslist": "^4.16.6",
				"semver": "^6.3.0"
			},
			"engines": {
				"node": ">=6.9.0"
			},
			"peerDependencies": {
				"@babel/core": "^7.0.0"
			}
		},
		"node_modules/@babel/helper-compilation-targets/node_modules/semver": {
			"version": "6.3.0",
			"resolved": "https://registry.npmjs.org/semver/-/semver-6.3.0.tgz",
			"integrity": "sha512-b39TBaTSfV6yBrapU89p5fKekE2m/NwnDocOVruQFS1/veMgdzuPcnOM34M6CwxW8jH/lxEa5rBoDeUwu5HHTw==",
			"bin": {
				"semver": "bin/semver.js"
			}
		},
		"node_modules/@babel/helper-create-class-features-plugin": {
			"version": "7.16.0",
			"resolved": "https://registry.npmjs.org/@babel/helper-create-class-features-plugin/-/helper-create-class-features-plugin-7.16.0.tgz",
			"integrity": "sha512-XLwWvqEaq19zFlF5PTgOod4bUA+XbkR4WLQBct1bkzmxJGB0ZEJaoKF4c8cgH9oBtCDuYJ8BP5NB9uFiEgO5QA==",
			"dependencies": {
				"@babel/helper-annotate-as-pure": "^7.16.0",
				"@babel/helper-function-name": "^7.16.0",
				"@babel/helper-member-expression-to-functions": "^7.16.0",
				"@babel/helper-optimise-call-expression": "^7.16.0",
				"@babel/helper-replace-supers": "^7.16.0",
				"@babel/helper-split-export-declaration": "^7.16.0"
			},
			"engines": {
				"node": ">=6.9.0"
			},
			"peerDependencies": {
				"@babel/core": "^7.0.0"
			}
		},
		"node_modules/@babel/helper-create-regexp-features-plugin": {
			"version": "7.16.0",
			"resolved": "https://registry.npmjs.org/@babel/helper-create-regexp-features-plugin/-/helper-create-regexp-features-plugin-7.16.0.tgz",
			"integrity": "sha512-3DyG0zAFAZKcOp7aVr33ddwkxJ0Z0Jr5V99y3I690eYLpukJsJvAbzTy1ewoCqsML8SbIrjH14Jc/nSQ4TvNPA==",
			"dependencies": {
				"@babel/helper-annotate-as-pure": "^7.16.0",
				"regexpu-core": "^4.7.1"
			},
			"engines": {
				"node": ">=6.9.0"
			},
			"peerDependencies": {
				"@babel/core": "^7.0.0"
			}
		},
		"node_modules/@babel/helper-define-polyfill-provider": {
			"version": "0.2.4",
			"resolved": "https://registry.npmjs.org/@babel/helper-define-polyfill-provider/-/helper-define-polyfill-provider-0.2.4.tgz",
			"integrity": "sha512-OrpPZ97s+aPi6h2n1OXzdhVis1SGSsMU2aMHgLcOKfsp4/v1NWpx3CWT3lBj5eeBq9cDkPkh+YCfdF7O12uNDQ==",
			"dependencies": {
				"@babel/helper-compilation-targets": "^7.13.0",
				"@babel/helper-module-imports": "^7.12.13",
				"@babel/helper-plugin-utils": "^7.13.0",
				"@babel/traverse": "^7.13.0",
				"debug": "^4.1.1",
				"lodash.debounce": "^4.0.8",
				"resolve": "^1.14.2",
				"semver": "^6.1.2"
			},
			"peerDependencies": {
				"@babel/core": "^7.4.0-0"
			}
		},
		"node_modules/@babel/helper-define-polyfill-provider/node_modules/semver": {
			"version": "6.3.0",
			"resolved": "https://registry.npmjs.org/semver/-/semver-6.3.0.tgz",
			"integrity": "sha512-b39TBaTSfV6yBrapU89p5fKekE2m/NwnDocOVruQFS1/veMgdzuPcnOM34M6CwxW8jH/lxEa5rBoDeUwu5HHTw==",
			"bin": {
				"semver": "bin/semver.js"
			}
		},
		"node_modules/@babel/helper-explode-assignable-expression": {
			"version": "7.16.0",
			"resolved": "https://registry.npmjs.org/@babel/helper-explode-assignable-expression/-/helper-explode-assignable-expression-7.16.0.tgz",
			"integrity": "sha512-Hk2SLxC9ZbcOhLpg/yMznzJ11W++lg5GMbxt1ev6TXUiJB0N42KPC+7w8a+eWGuqDnUYuwStJoZHM7RgmIOaGQ==",
			"dependencies": {
				"@babel/types": "^7.16.0"
			},
			"engines": {
				"node": ">=6.9.0"
			}
		},
		"node_modules/@babel/helper-function-name": {
			"version": "7.16.0",
			"resolved": "https://registry.npmjs.org/@babel/helper-function-name/-/helper-function-name-7.16.0.tgz",
			"integrity": "sha512-BZh4mEk1xi2h4HFjWUXRQX5AEx4rvaZxHgax9gcjdLWdkjsY7MKt5p0otjsg5noXw+pB+clMCjw+aEVYADMjog==",
			"dependencies": {
				"@babel/helper-get-function-arity": "^7.16.0",
				"@babel/template": "^7.16.0",
				"@babel/types": "^7.16.0"
			},
			"engines": {
				"node": ">=6.9.0"
			}
		},
		"node_modules/@babel/helper-get-function-arity": {
			"version": "7.16.0",
			"resolved": "https://registry.npmjs.org/@babel/helper-get-function-arity/-/helper-get-function-arity-7.16.0.tgz",
			"integrity": "sha512-ASCquNcywC1NkYh/z7Cgp3w31YW8aojjYIlNg4VeJiHkqyP4AzIvr4qx7pYDb4/s8YcsZWqqOSxgkvjUz1kpDQ==",
			"dependencies": {
				"@babel/types": "^7.16.0"
			},
			"engines": {
				"node": ">=6.9.0"
			}
		},
		"node_modules/@babel/helper-hoist-variables": {
			"version": "7.16.0",
			"resolved": "https://registry.npmjs.org/@babel/helper-hoist-variables/-/helper-hoist-variables-7.16.0.tgz",
			"integrity": "sha512-1AZlpazjUR0EQZQv3sgRNfM9mEVWPK3M6vlalczA+EECcPz3XPh6VplbErL5UoMpChhSck5wAJHthlj1bYpcmg==",
			"dependencies": {
				"@babel/types": "^7.16.0"
			},
			"engines": {
				"node": ">=6.9.0"
			}
		},
		"node_modules/@babel/helper-member-expression-to-functions": {
			"version": "7.16.0",
			"resolved": "https://registry.npmjs.org/@babel/helper-member-expression-to-functions/-/helper-member-expression-to-functions-7.16.0.tgz",
			"integrity": "sha512-bsjlBFPuWT6IWhl28EdrQ+gTvSvj5tqVP5Xeftp07SEuz5pLnsXZuDkDD3Rfcxy0IsHmbZ+7B2/9SHzxO0T+sQ==",
			"dependencies": {
				"@babel/types": "^7.16.0"
			},
			"engines": {
				"node": ">=6.9.0"
			}
		},
		"node_modules/@babel/helper-module-imports": {
			"version": "7.16.0",
			"resolved": "https://registry.npmjs.org/@babel/helper-module-imports/-/helper-module-imports-7.16.0.tgz",
			"integrity": "sha512-kkH7sWzKPq0xt3H1n+ghb4xEMP8k0U7XV3kkB+ZGy69kDk2ySFW1qPi06sjKzFY3t1j6XbJSqr4mF9L7CYVyhg==",
			"dependencies": {
				"@babel/types": "^7.16.0"
			},
			"engines": {
				"node": ">=6.9.0"
			}
		},
		"node_modules/@babel/helper-module-transforms": {
			"version": "7.16.0",
			"resolved": "https://registry.npmjs.org/@babel/helper-module-transforms/-/helper-module-transforms-7.16.0.tgz",
			"integrity": "sha512-My4cr9ATcaBbmaEa8M0dZNA74cfI6gitvUAskgDtAFmAqyFKDSHQo5YstxPbN+lzHl2D9l/YOEFqb2mtUh4gfA==",
			"dependencies": {
				"@babel/helper-module-imports": "^7.16.0",
				"@babel/helper-replace-supers": "^7.16.0",
				"@babel/helper-simple-access": "^7.16.0",
				"@babel/helper-split-export-declaration": "^7.16.0",
				"@babel/helper-validator-identifier": "^7.15.7",
				"@babel/template": "^7.16.0",
				"@babel/traverse": "^7.16.0",
				"@babel/types": "^7.16.0"
			},
			"engines": {
				"node": ">=6.9.0"
			}
		},
		"node_modules/@babel/helper-optimise-call-expression": {
			"version": "7.16.0",
			"resolved": "https://registry.npmjs.org/@babel/helper-optimise-call-expression/-/helper-optimise-call-expression-7.16.0.tgz",
			"integrity": "sha512-SuI467Gi2V8fkofm2JPnZzB/SUuXoJA5zXe/xzyPP2M04686RzFKFHPK6HDVN6JvWBIEW8tt9hPR7fXdn2Lgpw==",
			"dependencies": {
				"@babel/types": "^7.16.0"
			},
			"engines": {
				"node": ">=6.9.0"
			}
		},
		"node_modules/@babel/helper-plugin-utils": {
			"version": "7.14.5",
			"resolved": "https://registry.npmjs.org/@babel/helper-plugin-utils/-/helper-plugin-utils-7.14.5.tgz",
			"integrity": "sha512-/37qQCE3K0vvZKwoK4XU/irIJQdIfCJuhU5eKnNxpFDsOkgFaUAwbv+RYw6eYgsC0E4hS7r5KqGULUogqui0fQ==",
			"engines": {
				"node": ">=6.9.0"
			}
		},
		"node_modules/@babel/helper-remap-async-to-generator": {
			"version": "7.16.0",
			"resolved": "https://registry.npmjs.org/@babel/helper-remap-async-to-generator/-/helper-remap-async-to-generator-7.16.0.tgz",
			"integrity": "sha512-MLM1IOMe9aQBqMWxcRw8dcb9jlM86NIw7KA0Wri91Xkfied+dE0QuBFSBjMNvqzmS0OSIDsMNC24dBEkPUi7ew==",
			"dependencies": {
				"@babel/helper-annotate-as-pure": "^7.16.0",
				"@babel/helper-wrap-function": "^7.16.0",
				"@babel/types": "^7.16.0"
			},
			"engines": {
				"node": ">=6.9.0"
			}
		},
		"node_modules/@babel/helper-replace-supers": {
			"version": "7.16.0",
			"resolved": "https://registry.npmjs.org/@babel/helper-replace-supers/-/helper-replace-supers-7.16.0.tgz",
			"integrity": "sha512-TQxuQfSCdoha7cpRNJvfaYxxxzmbxXw/+6cS7V02eeDYyhxderSoMVALvwupA54/pZcOTtVeJ0xccp1nGWladA==",
			"dependencies": {
				"@babel/helper-member-expression-to-functions": "^7.16.0",
				"@babel/helper-optimise-call-expression": "^7.16.0",
				"@babel/traverse": "^7.16.0",
				"@babel/types": "^7.16.0"
			},
			"engines": {
				"node": ">=6.9.0"
			}
		},
		"node_modules/@babel/helper-simple-access": {
			"version": "7.16.0",
			"resolved": "https://registry.npmjs.org/@babel/helper-simple-access/-/helper-simple-access-7.16.0.tgz",
			"integrity": "sha512-o1rjBT/gppAqKsYfUdfHq5Rk03lMQrkPHG1OWzHWpLgVXRH4HnMM9Et9CVdIqwkCQlobnGHEJMsgWP/jE1zUiw==",
			"dependencies": {
				"@babel/types": "^7.16.0"
			},
			"engines": {
				"node": ">=6.9.0"
	